
Microsoft Visual Studio Solution File, Format Version 12.00
# Visual Studio Version 16
VisualStudioVersion = 16.0.34601.136
MinimumVisualStudioVersion = 10.0.40219.1
Project("{D2ABAB84-BF74-430A-B69E-9DC6D40DDA17}") = "SSAS_Group8", "SSAS_Group8\SSAS_Group8.dwproj", "{278766B2-5A20-4ACE-A9A5-8B478760D23A}"
EndProject
Global
	GlobalSection(SolutionConfigurationPlatforms) = preSolution
		Development|Default = Development|Default
	EndGlobalSection
	GlobalSection(ProjectConfigurationPlatforms) = postSolution
		{278766B2-5A20-4ACE-A9A5-8B478760D23A}.Development|Default.ActiveCfg = Development
		{278766B2-5A20-4ACE-A9A5-8B478760D23A}.Development|Default.Build.0 = Development
		{278766B2-5A20-4ACE-A9A5-8B478760D23A}.Development|Default.Deploy.0 = Development
	EndGlobalSection
	GlobalSection(SolutionProperties) = preSolution
		HideSolutionNode = FALSE
	EndGlobalSection
	GlobalSection(ExtensibilityGlobals) = postSolution
		SolutionGuid = {E3F53A49-497C-4255-A6FE-78E516CC9FBC}
	EndGlobalSection
EndGlobal
